
Microsoft Visual Studio Solution File, Format Version 12.00
# Visual Studio Version 16
VisualStudioVersion = 16.0.33423.256
MinimumVisualStudioVersion = 10.0.40219.1
Project("{FAE04EC0-301F-11D3-BF4B-00C04F79EFBC}") = "crlf", "crlf.csproj", "{96BDEB8E-05D5-4198-B400-7FB983350551}"
EndProject
Global
	GlobalSection(SolutionConfigurationPlatforms) = preSolution
		Debug|Any CPU = Debug|Any CPU
		Release|Any CPU = Release|Any CPU
	EndGlobalSection
	GlobalSection(ProjectConfigurationPlatforms) = postSolution
		{96BDEB8E-05D5-4198-B400-7FB983350551}.Debug|Any CPU.ActiveCfg = Debug|Any CPU
		{96BDEB8E-05D5-4198-B400-7FB983350551}.Debug|Any CPU.Build.0 = Debug|Any CPU
		{96BDEB8E-05D5-4198-B400-7FB983350551}.Release|Any CPU.ActiveCfg = Release|Any CPU
		{96BDEB8E-05D5-4198-B400-7FB983350551}.Release|Any CPU.Build.0 = Release|Any CPU
	EndGlobalSection
	GlobalSection(SolutionProperties) = preSolution
		HideSolutionNode = FALSE
	EndGlobalSection
	GlobalSection(ExtensibilityGlobals) = postSolution
		SolutionGuid = {1FE14CB7-E581-4773-9E33-269939D4262A}
	EndGlobalSection
EndGlobal
